
Microsoft Visual Studio Solution File, Format Version 12.00
# Visual Studio Version 17
VisualStudioVersion = 17.9.34728.123
MinimumVisualStudioVersion = 10.0.40219.1
Project("{FAE04EC0-301F-11D3-BF4B-00C04F79EFBC}") = "LaboratorioFinalDB", "LaboratorioFinalDB.csproj", "{D227C4C6-79BF-4B87-8218-980859FED70D}"
EndProject
Global
	GlobalSection(SolutionConfigurationPlatforms) = preSolution
		Debug|Any CPU = Debug|Any CPU
		Release|Any CPU = Release|Any CPU
	EndGlobalSection
	GlobalSection(ProjectConfigurationPlatforms) = postSolution
		{D227C4C6-79BF-4B87-8218-980859FED70D}.Debug|Any CPU.ActiveCfg = Debug|Any CPU
		{D227C4C6-79BF-4B87-8218-980859FED70D}.Debug|Any CPU.Build.0 = Debug|Any CPU
		{D227C4C6-79BF-4B87-8218-980859FED70D}.Release|Any CPU.ActiveCfg = Release|Any CPU
		{D227C4C6-79BF-4B87-8218-980859FED70D}.Release|Any CPU.Build.0 = Release|Any CPU
	EndGlobalSection
	GlobalSection(SolutionProperties) = preSolution
		HideSolutionNode = FALSE
	EndGlobalSection
	GlobalSection(ExtensibilityGlobals) = postSolution
		SolutionGuid = {C79E3391-ABA2-48BF-A7ED-6D2B4A086F7B}
	EndGlobalSection
EndGlobal
